
Microsoft Visual Studio Solution File, Format Version 12.00
# Visual Studio Version 17
VisualStudioVersion = 17.10.35013.160
MinimumVisualStudioVersion = 10.0.40219.1
Project("{8BC9CEB8-8B4A-11D0-8D11-00A0C91BC942}") = "lab", "lab.vcxproj", "{78C0E4C6-835F-439B-9EA5-F10C51FEFCAF}"
EndProject
Global
	GlobalSection(SolutionConfigurationPlatforms) = preSolution
		Debug|x64 = Debug|x64
		Debug|x86 = Debug|x86
		Release|x64 = Release|x64
		Release|x86 = Release|x86
	EndGlobalSection
	GlobalSection(ProjectConfigurationPlatforms) = postSolution
		{78C0E4C6-835F-439B-9EA5-F10C51FEFCAF}.Debug|x64.ActiveCfg = Debug|x64
		{78C0E4C6-835F-439B-9EA5-F10C51FEFCAF}.Debug|x64.Build.0 = Debug|x64
		{78C0E4C6-835F-439B-9EA5-F10C51FEFCAF}.Debug|x86.ActiveCfg = Debug|Win32
		{78C0E4C6-835F-439B-9EA5-F10C51FEFCAF}.Debug|x86.Build.0 = Debug|Win32
		{78C0E4C6-835F-439B-9EA5-F10C51FEFCAF}.Release|x64.ActiveCfg = Release|x64
		{78C0E4C6-835F-439B-9EA5-F10C51FEFCAF}.Release|x64.Build.0 = Release|x64
		{78C0E4C6-835F-439B-9EA5-F10C51FEFCAF}.Release|x86.ActiveCfg = Release|Win32
		{78C0E4C6-835F-439B-9EA5-F10C51FEFCAF}.Release|x86.Build.0 = Release|Win32
	EndGlobalSection
	GlobalSection(SolutionProperties) = preSolution
		HideSolutionNode = FALSE
	EndGlobalSection
	GlobalSection(ExtensibilityGlobals) = postSolution
		SolutionGuid = {894A16B2-4CDB-4A48-8CDB-05B54D949EC9}
	EndGlobalSection
EndGlobal
